
Microsoft Visual Studio Solution File, Format Version 12.00
# Visual Studio Express 14 for Windows Desktop
VisualStudioVersion = 14.0.24720.0
MinimumVisualStudioVersion = 10.0.40219.1
Project("{FAE04EC0-301F-11D3-BF4B-00C04F79EFBC}") = "Лаба 2(пятнашки)", "Лаба 2(пятнашки)\Лаба 2(пятнашки).csproj", "{7E3A3C46-6D82-4245-A8D5-7A74C6A9A055}"
EndProject
Global
	GlobalSection(SolutionConfigurationPlatforms) = preSolution
		Debug|Any CPU = Debug|Any CPU
		Release|Any CPU = Release|Any CPU
	EndGlobalSection
	GlobalSection(ProjectConfigurationPlatforms) = postSolution
		{7E3A3C46-6D82-4245-A8D5-7A74C6A9A055}.Debug|Any CPU.ActiveCfg = Debug|Any CPU
		{7E3A3C46-6D82-4245-A8D5-7A74C6A9A055}.Debug|Any CPU.Build.0 = Debug|Any CPU
		{7E3A3C46-6D82-4245-A8D5-7A74C6A9A055}.Release|Any CPU.ActiveCfg = Release|Any CPU
		{7E3A3C46-6D82-4245-A8D5-7A74C6A9A055}.Release|Any CPU.Build.0 = Release|Any CPU
	EndGlobalSection
	GlobalSection(SolutionProperties) = preSolution
		HideSolutionNode = FALSE
	EndGlobalSection
EndGlobal
